
Microsoft Visual Studio Solution File, Format Version 12.00
# Visual Studio Version 16
VisualStudioVersion = 16.0.29911.84
MinimumVisualStudioVersion = 10.0.40219.1
Project("{FAE04EC0-301F-11D3-BF4B-00C04F79EFBC}") = "Vidly", "Vidly\Vidly.csproj", "{B97AA63B-1F1E-4123-AC62-3313E749485F}"
EndProject
Global
	GlobalSection(SolutionConfigurationPlatforms) = preSolution
		Debug|Any CPU = Debug|Any CPU
		Release|Any CPU = Release|Any CPU
	EndGlobalSection
	GlobalSection(ProjectConfigurationPlatforms) = postSolution
		{B97AA63B-1F1E-4123-AC62-3313E749485F}.Debug|Any CPU.ActiveCfg = Debug|Any CPU
		{B97AA63B-1F1E-4123-AC62-3313E749485F}.Debug|Any CPU.Build.0 = Debug|Any CPU
		{B97AA63B-1F1E-4123-AC62-3313E749485F}.Release|Any CPU.ActiveCfg = Release|Any CPU
		{B97AA63B-1F1E-4123-AC62-3313E749485F}.Release|Any CPU.Build.0 = Release|Any CPU
	EndGlobalSection
	GlobalSection(SolutionProperties) = preSolution
		HideSolutionNode = FALSE
	EndGlobalSection
	GlobalSection(ExtensibilityGlobals) = postSolution
		SolutionGuid = {A5A7F93F-F4B1-4E3A-908F-FE58BC4D7B64}
	EndGlobalSection
EndGlobal
